// !$*UTF8*$!
{
	archiveVersion = 1;
	classes = {
	};
	objectVersion = 56;
	objects = {

/* Begin PBXBuildFile section */
		D04DF4B429A7E91800137D02 /* AppDelegate.swift in Sources */ = {isa = PBXBuildFile; fileRef = D04DF4B329A7E91800137D02 /* AppDelegate.swift */; };
		D04DF4B629A7E91800137D02 /* SceneDelegate.swift in Sources */ = {isa = PBXBuildFile; fileRef = D04DF4B529A7E91800137D02 /* SceneDelegate.swift */; };
		D04DF4BB29A7E91800137D02 /* Main.storyboard in Resources */ = {isa = PBXBuildFile; fileRef = D04DF4B929A7E91800137D02 /* Main.storyboard */; };
		D04DF4BD29A7E91C00137D02 /* Assets.xcassets in Resources */ = {isa = PBXBuildFile; fileRef = D04DF4BC29A7E91C00137D02 /* Assets.xcassets */; };
		D04DF4C029A7E91C00137D02 /* LaunchScreen.storyboard in Resources */ = {isa = PBXBuildFile; fileRef = D04DF4BE29A7E91C00137D02 /* LaunchScreen.storyboard */; };
		D04DF4CE29A7ECB400137D02 /* HomeController.swift in Sources */ = {isa = PBXBuildFile; fileRef = D04DF4CD29A7ECB400137D02 /* HomeController.swift */; };
		D04DF4D229A7F5FF00137D02 /* Extensions.swift in Sources */ = {isa = PBXBuildFile; fileRef = D04DF4D129A7F5FF00137D02 /* Extensions.swift */; };
		D04DF4D429A7F69E00137D02 /* HomeNavigationStackView.swift in Sources */ = {isa = PBXBuildFile; fileRef = D04DF4D329A7F69E00137D02 /* HomeNavigationStackView.swift */; };
		D04DF4D629A8361C00137D02 /* BottomControlsStackView.swift in Sources */ = {isa = PBXBuildFile; fileRef = D04DF4D529A8361B00137D02 /* BottomControlsStackView.swift */; };
/* End PBXBuildFile section */

/* Begin PBXFileReference section */
		D04DF4B029A7E91800137D02 /* Tinder.app */ = {isa = PBXFileReference; explicitFileType = wrapper.application; includeInIndex = 0; path = Tinder.app; sourceTree = BUILT_PRODUCTS_DIR; };
		D04DF4B329A7E91800137D02 /* AppDelegate.swift */ = {isa = PBXFileReference; lastKnownFileType = sourcecode.swift; path = AppDelegate.swift; sourceTree = "<group>"; };
		D04DF4B529A7E91800137D02 /* SceneDelegate.swift */ = {isa = PBXFileReference; lastKnownFileType = sourcecode.swift; path = SceneDelegate.swift; sourceTree = "<group>"; };
		D04DF4BA29A7E91800137D02 /* Base */ = {isa = PBXFileReference; lastKnownFileType = file.storyboard; name = Base; path = Base.lproj/Main.storyboard; sourceTree = "<group>"; };
		D04DF4BC29A7E91C00137D02 /* Assets.xcassets */ = {isa = PBXFileReference; lastKnownFileType = folder.assetcatalog; path = Assets.xcassets; sourceTree = "<group>"; };
		D04DF4BF29A7E91C00137D02 /* Base */ = {isa = PBXFileReference; lastKnownFileType = file.storyboard; name = Base; path = Base.lproj/LaunchScreen.storyboard; sourceTree = "<group>"; };
		D04DF4C129A7E91C00137D02 /* Info.plist */ = {isa = PBXFileReference; lastKnownFileType = text.plist.xml; path = Info.plist; sourceTree = "<group>"; };
		D04DF4CD29A7ECB400137D02 /* HomeController.swift */ = {isa = PBXFileReference; lastKnownFileType = sourcecode.swift; path = HomeController.swift; sourceTree = "<group>"; };
		D04DF4D129A7F5FF00137D02 /* Extensions.swift */ = {isa = PBXFileReference; fileEncoding = 4; lastKnownFileType = sourcecode.swift; path = Extensions.swift; sourceTree = "<group>"; };
		D04DF4D329A7F69E00137D02 /* HomeNavigationStackView.swift */ = {isa = PBXFileReference; lastKnownFileType = sourcecode.swift; path = HomeNavigationStackView.swift; sourceTree = "<group>"; };
		D04DF4D529A8361B00137D02 /* BottomControlsStackView.swift */ = {isa = PBXFileReference; lastKnownFileType = sourcecode.swift; path = BottomControlsStackView.swift; sourceTree = "<group>"; };
/* End PBXFileReference section */

/* Begin PBXFrameworksBuildPhase section */
		D04DF4AD29A7E91800137D02 /* Frameworks */ = {
			isa = PBXFrameworksBuildPhase;
			buildActionMask = 2147483647;
			files = (
			);
			runOnlyForDeploymentPostprocessing = 0;
		};
/* End PBXFrameworksBuildPhase section */

/* Begin PBXGroup section */
		D04DF4A729A7E91800137D02 = {
			isa = PBXGroup;
			children = (
				D04DF4B229A7E91800137D02 /* Tinder */,
				D04DF4B129A7E91800137D02 /* Products */,
			);
			sourceTree = "<group>";
		};
		D04DF4B129A7E91800137D02 /* Products */ = {
			isa = PBXGroup;
			children = (
				D04DF4B029A7E91800137D02 /* Tinder.app */,
			);
			name = Products;
			sourceTree = "<group>";
		};
		D04DF4B229A7E91800137D02 /* Tinder */ = {
			isa = PBXGroup;
			children = (
				D04DF4CC29A7EAE900137D02 /* Model */,
				D04DF4CB29A7EAE400137D02 /* View */,
				D04DF4CA29A7EAE000137D02 /* ViewModel */,
				D04DF4C929A7EADC00137D02 /* Controller */,
				D04DF4C829A7EAD800137D02 /* API */,
				D04DF4C729A7EAC300137D02 /* Utils */,
				D04DF4B329A7E91800137D02 /* AppDelegate.swift */,
				D04DF4B529A7E91800137D02 /* SceneDelegate.swift */,
				D04DF4B929A7E91800137D02 /* Main.storyboard */,
				D04DF4BC29A7E91C00137D02 /* Assets.xcassets */,
				D04DF4BE29A7E91C00137D02 /* LaunchScreen.storyboard */,
				D04DF4C129A7E91C00137D02 /* Info.plist */,
			);
			path = Tinder;
			sourceTree = "<group>";
		};
		D04DF4C729A7EAC300137D02 /* Utils */ = {
			isa = PBXGroup;
			children = (
				D04DF4D129A7F5FF00137D02 /* Extensions.swift */,
			);
			path = Utils;
			sourceTree = "<group>";
		};
		D04DF4C829A7EAD800137D02 /* API */ = {
			isa = PBXGroup;
			children = (
			);
			path = API;
			sourceTree = "<group>";
		};
		D04DF4C929A7EADC00137D02 /* Controller */ = {
			isa = PBXGroup;
			children = (
				D04DF4CD29A7ECB400137D02 /* HomeController.swift */,
			);
			path = Controller;
			sourceTree = "<group>";
		};
		D04DF4CA29A7EAE000137D02 /* ViewModel */ = {
			isa = PBXGroup;
			children = (
			);
			path = ViewModel;
			sourceTree = "<group>";
		};
		D04DF4CB29A7EAE400137D02 /* View */ = {
			isa = PBXGroup;
			children = (
				D04DF4D329A7F69E00137D02 /* HomeNavigationStackView.swift */,
				D04DF4D529A8361B00137D02 /* BottomControlsStackView.swift */,
			);
			path = View;
			sourceTree = "<group>";
		};
		D04DF4CC29A7EAE900137D02 /* Model */ = {
			isa = PBXGroup;
			children = (
			);
			path = Model;
			sourceTree = "<group>";
		};
/* End PBXGroup section */

/* Begin PBXNativeTarget section */
		D04DF4AF29A7E91800137D02 /* Tinder */ = {
			isa = PBXNativeTarget;
			buildConfigurationList = D04DF4C429A7E91C00137D02 /* Build configuration list for PBXNativeTarget "Tinder" */;
			buildPhases = (
				D04DF4AC29A7E91800137D02 /* Sources */,
				D04DF4AD29A7E91800137D02 /* Frameworks */,
				D04DF4AE29A7E91800137D02 /* Resources */,
			);
			buildRules = (
			);
			dependencies = (
			);
			name = Tinder;
			productName = Tinder;
			productReference = D04DF4B029A7E91800137D02 /* Tinder.app */;
			productType = "com.apple.product-type.application";
		};
/* End PBXNativeTarget section */

/* Begin PBXProject section */
		D04DF4A829A7E91800137D02 /* Project object */ = {
			isa = PBXProject;
			attributes = {
				BuildIndependentTargetsInParallel = 1;
				LastSwiftUpdateCheck = 1420;
				LastUpgradeCheck = 1420;
				TargetAttributes = {
					D04DF4AF29A7E91800137D02 = {
						CreatedOnToolsVersion = 14.2;
					};
				};
			};
			buildConfigurationList = D04DF4AB29A7E91800137D02 /* Build configuration list for PBXProject "Tinder" */;
			compatibilityVersion = "Xcode 14.0";
			developmentRegion = en;
			hasScannedForEncodings = 0;
			knownRegions = (
				en,
				Base,
			);
			mainGroup = D04DF4A729A7E91800137D02;
			productRefGroup = D04DF4B129A7E91800137D02 /* Products */;
			projectDirPath = "";
			projectRoot = "";
			targets = (
				D04DF4AF29A7E91800137D02 /* Tinder */,
			);
		};
/* End PBXProject section */

/* Begin PBXResourcesBuildPhase section */
		D04DF4AE29A7E91800137D02 /* Resources */ = {
			isa = PBXResourcesBuildPhase;
			buildActionMask = 2147483647;
			files = (
				D04DF4C029A7E91C00137D02 /* LaunchScreen.storyboard in Resources */,
				D04DF4BD29A7E91C00137D02 /* Assets.xcassets in Resources */,
				D04DF4BB29A7E91800137D02 /* Main.storyboard in Resources */,
			);
			runOnlyForDeploymentPostprocessing = 0;
		};
/* End PBXResourcesBuildPhase section */

/* Begin PBXSourcesBuildPhase section */
		D04DF4AC29A7E91800137D02 /* Sources */ = {
			isa = PBXSourcesBuildPhase;
			buildActionMask = 2147483647;
			files = (
				D04DF4D629A8361C00137D02 /* BottomControlsStackView.swift in Sources */,
				D04DF4B429A7E91800137D02 /* AppDelegate.swift in Sources */,
				D04DF4B629A7E91800137D02 /* SceneDelegate.swift in Sources */,
				D04DF4D429A7F69E00137D02 /* HomeNavigationStackView.swift in Sources */,
				D04DF4CE29A7ECB400137D02 /* HomeController.swift in Sources */,
				D04DF4D229A7F5FF00137D02 /* Extensions.swift in Sources */,
			);
			runOnlyForDeploymentPostprocessing = 0;
		};
/* End PBXSourcesBuildPhase section */

/* Begin PBXVariantGroup section */
		D04DF4B929A7E91800137D02 /* Main.storyboard */ = {
			isa = PBXVariantGroup;
			children = (
				D04DF4BA29A7E91800137D02 /* Base */,
			);
			name = Main.storyboard;
			sourceTree = "<group>";
		};
		D04DF4BE29A7E91C00137D02 /* LaunchScreen.storyboard */ = {
			isa = PBXVariantGroup;
			children = (
				D04DF4BF29A7E91C00137D02 /* Base */,
			);
			name = LaunchScreen.storyboard;
			sourceTree = "<group>";
		};
/* End PBXVariantGroup section */

/* Begin XCBuildConfiguration section */
		D04DF4C229A7E91C00137D02 /* Debug */ = {
			isa = XCBuildConfiguration;
			buildSettings = {
				ALWAYS_SEARCH_USER_PATHS = NO;
				CLANG_ANALYZER_NONNULL = YES;
				CLANG_ANALYZER_NUMBER_OBJECT_CONVERSION = YES_AGGRESSIVE;
				CLANG_CXX_LANGUAGE_STANDARD = "gnu++20";
				CLANG_ENABLE_MODULES = YES;
				CLANG_ENABLE_OBJC_ARC = YES;
				CLANG_ENABLE_OBJC_WEAK = YES;
				CLANG_WARN_BLOCK_CAPTURE_AUTORELEASING = YES;
				CLANG_WARN_BOOL_CONVERSION = YES;
				CLANG_WARN_COMMA = YES;
				CLANG_WARN_CONSTANT_CONVERSION = YES;
				CLANG_WARN_DEPRECATED_OBJC_IMPLEMENTATIONS = YES;
				CLANG_WARN_DIRECT_OBJC_ISA_USAGE = YES_ERROR;
				CLANG_WARN_DOCUMENTATION_COMMENTS = YES;
				CLANG_WARN_EMPTY_BODY = YES;
				CLANG_WARN_ENUM_CONVERSION = YES;
				CLANG_WARN_INFINITE_RECURSION = YES;
				CLANG_WARN_INT_CONVERSION = YES;
				CLANG_WARN_NON_LITERAL_NULL_CONVERSION = YES;
				CLANG_WARN_OBJC_IMPLICIT_RETAIN_SELF = YES;
				CLANG_WARN_OBJC_LITERAL_CONVERSION = YES;
				CLANG_WARN_OBJC_ROOT_CLASS = YES_ERROR;
				CLANG_WARN_QUOTED_INCLUDE_IN_FRAMEWORK_HEADER = YES;
				CLANG_WARN_RANGE_LOOP_ANALYSIS = YES;
				CLANG_WARN_STRICT_PROTOTYPES = YES;
				CLANG_WARN_SUSPICIOUS_MOVE = YES;
				CLANG_WARN_UNGUARDED_AVAILABILITY = YES_AGGRESSIVE;
				CLANG_WARN_UNREACHABLE_CODE = YES;
				CLANG_WARN__DUPLICATE_METHOD_MATCH = YES;
				COPY_PHASE_STRIP = NO;
				DEBUG_INFORMATION_FORMAT = dwarf;
				ENABLE_STRICT_OBJC_MSGSEND = YES;
				ENABLE_TESTABILITY = YES;
				GCC_C_LANGUAGE_STANDARD = gnu11;
				GCC_DYNAMIC_NO_PIC = NO;
				GCC_NO_COMMON_BLOCKS = YES;
				GCC_OPTIMIZATION_LEVEL = 0;
				GCC_PREPROCESSOR_DEFINITIONS = (
					"DEBUG=1",
					"$(inherited)",
				);
				GCC_WARN_64_TO_32_BIT_CONVERSION = YES;
				GCC_WARN_ABOUT_RETURN_TYPE = YES_ERROR;
				GCC_WARN_UNDECLARED_SELECTOR = YES;
				GCC_WARN_UNINITIALIZED_AUTOS = YES_AGGRESSIVE;
				GCC_WARN_UNUSED_FUNCTION = YES;
				GCC_WARN_UNUSED_VARIABLE = YES;
				IPHONEOS_DEPLOYMENT_TARGET = 16.2;
				MTL_ENABLE_DEBUG_INFO = INCLUDE_SOURCE;
				MTL_FAST_MATH = YES;
				ONLY_ACTIVE_ARCH = YES;
				SDKROOT = iphoneos;
				SWIFT_ACTIVE_COMPILATION_CONDITIONS = DEBUG;
				SWIFT_OPTIMIZATION_LEVEL = "-Onone";
			};
			name = Debug;
		};
		D04DF4C329A7E91C00137D02 /* Release */ = {
			isa = XCBuildConfiguration;
			buildSettings = {
				ALWAYS_SEARCH_USER_PATHS = NO;
				CLANG_ANALYZER_NONNULL = YES;
				CLANG_ANALYZER_NUMBER_OBJECT_CONVERSION = YES_AGGRESSIVE;
				CLANG_CXX_LANGUAGE_STANDARD = "gnu++20";
				CLANG_ENABLE_MODULES = YES;
				CLANG_ENABLE_OBJC_ARC = YES;
				CLANG_ENABLE_OBJC_WEAK = YES;
				CLANG_WARN_BLOCK_CAPTURE_AUTORELEASING = YES;
				CLANG_WARN_BOOL_CONVERSION = YES;
				CLANG_WARN_COMMA = YES;
				CLANG_WARN_CONSTANT_CONVERSION = YES;
				CLANG_WARN_DEPRECATED_OBJC_IMPLEMENTATIONS = YES;
				CLANG_WARN_DIRECT_OBJC_ISA_USAGE = YES_ERROR;
				CLANG_WARN_DOCUMENTATION_COMMENTS = YES;
				CLANG_WARN_EMPTY_BODY = YES;
				CLANG_WARN_ENUM_CONVERSION = YES;
				CLANG_WARN_INFINITE_RECURSION = YES;
				CLANG_WARN_INT_CONVERSION = YES;
				CLANG_WARN_NON_LITERAL_NULL_CONVERSION = YES;
				CLANG_WARN_OBJC_IMPLICIT_RETAIN_SELF = YES;
				CLANG_WARN_OBJC_LITERAL_CONVERSION = YES;
				CLANG_WARN_OBJC_ROOT_CLASS = YES_ERROR;
				CLANG_WARN_QUOTED_INCLUDE_IN_FRAMEWORK_HEADER = YES;
				CLANG_WARN_RANGE_LOOP_ANALYSIS = YES;
				CLANG_WARN_STRICT_PROTOTYPES = YES;
				CLANG_WARN_SUSPICIOUS_MOVE = YES;
				CLANG_WARN_UNGUARDED_AVAILABILITY = YES_AGGRESSIVE;
				CLANG_WARN_UNREACHABLE_CODE = YES;
				CLANG_WARN__DUPLICATE_METHOD_MATCH = YES;
				COPY_PHASE_STRIP = NO;
				DEBUG_INFORMATION_FORMAT = "dwarf-with-dsym";
				ENABLE_NS_ASSERTIONS = NO;
				ENABLE_STRICT_OBJC_MSGSEND = YES;
				GCC_C_LANGUAGE_STANDARD = gnu11;
				GCC_NO_COMMON_BLOCKS = YES;
				GCC_WARN_64_TO_32_BIT_CONVERSION = YES;
				GCC_WARN_ABOUT_RETURN_TYPE = YES_ERROR;
				GCC_WARN_UNDECLARED_SELECTOR = YES;
				GCC_WARN_UNINITIALIZED_AUTOS = YES_AGGRESSIVE;
				GCC_WARN_UNUSED_FUNCTION = YES;
				GCC_WARN_UNUSED_VARIABLE = YES;
				IPHONEOS_DEPLOYMENT_TARGET = 16.2;
				MTL_ENABLE_DEBUG_INFO = NO;
				MTL_FAST_MATH = YES;
				SDKROOT = iphoneos;
				SWIFT_COMPILATION_MODE = wholemodule;
				SWIFT_OPTIMIZATION_LEVEL = "-O";
				VALIDATE_PRODUCT = YES;
			};
			name = Release;
		};
		D04DF4C529A7E91C00137D02 /* Debug */ = {
			isa = XCBuildConfiguration;
			buildSettings = {
				ASSETCATALOG_COMPILER_APPICON_NAME = AppIcon;
				ASSETCATALOG_COMPILER_GLOBAL_ACCENT_COLOR_NAME = AccentColor;
				CODE_SIGN_STYLE = Automatic;
				CURRENT_PROJECT_VERSION = 1;
				DEVELOPMENT_TEAM = 2XUM3HS6VN;
				GENERATE_INFOPLIST_FILE = YES;
				INFOPLIST_FILE = Tinder/Info.plist;
				INFOPLIST_KEY_UIApplicationSupportsIndirectInputEvents = YES;
				INFOPLIST_KEY_UILaunchStoryboardName = LaunchScreen;
				INFOPLIST_KEY_UIMainStoryboardFile = Main;
				INFOPLIST_KEY_UISupportedInterfaceOrientations_iPad = "UIInterfaceOrientationPortrait UIInterfaceOrientationPortraitUpsideDown UIInterfaceOrientationLandscapeLeft UIInterfaceOrientationLandscapeRight";
				INFOPLIST_KEY_UISupportedInterfaceOrientations_iPhone = "UIInterfaceOrientationPortrait UIInterfaceOrientationLandscapeLeft UIInterfaceOrientationLandscapeRight";
				LD_RUNPATH_SEARCH_PATHS = (
					"$(inherited)",
					"@executable_path/Frameworks",
				);
				MARKETING_VERSION = 1.0;
				PRODUCT_BUNDLE_IDENTIFIER = com.nerdautodidata.Tinder;
				PRODUCT_NAME = "$(TARGET_NAME)";
				SWIFT_EMIT_LOC_STRINGS = YES;
				SWIFT_VERSION = 5.0;
				TARGETED_DEVICE_FAMILY = "1,2";
			};
			name = Debug;
		};
		D04DF4C629A7E91C00137D02 /* Release */ = {
			isa = XCBuildConfiguration;
			buildSettings = {
				ASSETCATALOG_COMPILER_APPICON_NAME = AppIcon;
				ASSETCATALOG_COMPILER_GLOBAL_ACCENT_COLOR_NAME = AccentColor;
				CODE_SIGN_STYLE = Automatic;
				CURRENT_PROJECT_VERSION = 1;
				DEVELOPMENT_TEAM = 2XUM3HS6VN;
				GENERATE_INFOPLIST_FILE = YES;
				INFOPLIST_FILE = Tinder/Info.plist;
				INFOPLIST_KEY_UIApplicationSupportsIndirectInputEvents = YES;
				INFOPLIST_KEY_UILaunchStoryboardName = LaunchScreen;
				INFOPLIST_KEY_UIMainStoryboardFile = Main;
				INFOPLIST_KEY_UISupportedInterfaceOrientations_iPad = "UIInterfaceOrientationPortrait UIInterfaceOrientationPortraitUpsideDown UIInterfaceOrientationLandscapeLeft UIInterfaceOrientationLandscapeRight";
				INFOPLIST_KEY_UISupportedInterfaceOrientations_iPhone = "UIInterfaceOrientationPortrait UIInterfaceOrientationLandscapeLeft UIInterfaceOrientationLandscapeRight";
				LD_RUNPATH_SEARCH_PATHS = (
					"$(inherited)",
					"@executable_path/Frameworks",
				);
				MARKETING_VERSION = 1.0;
				PRODUCT_BUNDLE_IDENTIFIER = com.nerdautodidata.Tinder;
				PRODUCT_NAME = "$(TARGET_NAME)";
				SWIFT_EMIT_LOC_STRINGS = YES;
				SWIFT_VERSION = 5.0;
				TARGETED_DEVICE_FAMILY = "1,2";
			};
			name = Release;
		};
/* End XCBuildConfiguration section */

/* Begin XCConfigurationList section */
		D04DF4AB29A7E91800137D02 /* Build configuration list for PBXProject "Tinder" */ = {
			isa = XCConfigurationList;
			buildConfigurations = (
				D04DF4C229A7E91C00137D02 /* Debug */,
				D04DF4C329A7E91C00137D02 /* Release */,
			);
			defaultConfigurationIsVisible = 0;
			defaultConfigurationName = Release;
		};
		D04DF4C429A7E91C00137D02 /* Build configuration list for PBXNativeTarget "Tinder" */ = {
			isa = XCConfigurationList;
			buildConfigurations = (
				D04DF4C529A7E91C00137D02 /* Debug */,
				D04DF4C629A7E91C00137D02 /* Release */,
			);
			defaultConfigurationIsVisible = 0;
			defaultConfigurationName = Release;
		};
/* End XCConfigurationList section */
	};
	rootObject = D04DF4A829A7E91800137D02 /* Project object */;
}
